// !$*UTF8*$!
{
	archiveVersion = 1;
	classes = {
	};
	objectVersion = 56;
	objects = {

/* Begin PBXBuildFile section */
		B9FC0A112F1EC45100702C63 /* AgendaViewApp.swift in Sources */ = {isa = PBXBuildFile; fileRef = B9FC0A102F1EC45100702C63 /* AgendaViewApp.swift */; };
		B9FC0A132F1EC45100702C63 /* ContentView.swift in Sources */ = {isa = PBXBuildFile; fileRef = B9FC0A122F1EC45100702C63 /* ContentView.swift */; };
		B9FC0A152F1EC45300702C63 /* Assets.xcassets in Resources */ = {isa = PBXBuildFile; fileRef = B9FC0A142F1EC45300702C63 /* Assets.xcassets */; };
		B9FC0A182F1EC45300702C63 /* Preview Assets.xcassets in Resources */ = {isa = PBXBuildFile; fileRef = B9FC0A172F1EC45300702C63 /* Preview Assets.xcassets */; };
		B9FC0A222F1EC45300702C63 /* AgendaViewTests.swift in Sources */ = {isa = PBXBuildFile; fileRef = B9FC0A212F1EC45300702C63 /* AgendaViewTests.swift */; };
		B9FC0A2C2F1EC45300702C63 /* AgendaViewUITests.swift in Sources */ = {isa = PBXBuildFile; fileRef = B9FC0A2B2F1EC45300702C63 /* AgendaViewUITests.swift */; };
		B9FC0A2E2F1EC45300702C63 /* AgendaViewUITestsLaunchTests.swift in Sources */ = {isa = PBXBuildFile; fileRef = B9FC0A2D2F1EC45300702C63 /* AgendaViewUITestsLaunchTests.swift */; };
		B9FC0A402F1EC50000702C63 /* CalendarEvent.swift in Sources */ = {isa = PBXBuildFile; fileRef = B9FC0A3F2F1EC50000702C63 /* CalendarEvent.swift */; };
		B9FC0A422F1EC50000702C63 /* GoogleCalendar.swift in Sources */ = {isa = PBXBuildFile; fileRef = B9FC0A412F1EC50000702C63 /* GoogleCalendar.swift */; };
		B9FC0A442F1EC50000702C63 /* KeychainService.swift in Sources */ = {isa = PBXBuildFile; fileRef = B9FC0A432F1EC50000702C63 /* KeychainService.swift */; };
		B9FC0A462F1EC50000702C63 /* GoogleAuthService.swift in Sources */ = {isa = PBXBuildFile; fileRef = B9FC0A452F1EC50000702C63 /* GoogleAuthService.swift */; };
		B9FC0A482F1EC50000702C63 /* GoogleCalendarService.swift in Sources */ = {isa = PBXBuildFile; fileRef = B9FC0A472F1EC50000702C63 /* GoogleCalendarService.swift */; };
		B9FC0A4A2F1EC50000702C63 /* CalendarDataManager.swift in Sources */ = {isa = PBXBuildFile; fileRef = B9FC0A492F1EC50000702C63 /* CalendarDataManager.swift */; };
		B9FC0A4C2F1EC50000702C63 /* StorageService.swift in Sources */ = {isa = PBXBuildFile; fileRef = B9FC0A4B2F1EC50000702C63 /* StorageService.swift */; };
		B9FC0A4E2F1EC50000702C63 /* SignInView.swift in Sources */ = {isa = PBXBuildFile; fileRef = B9FC0A4D2F1EC50000702C63 /* SignInView.swift */; };
		B9FC0A502F1EC50000702C63 /* AgendaListView.swift in Sources */ = {isa = PBXBuildFile; fileRef = B9FC0A4F2F1EC50000702C63 /* AgendaListView.swift */; };
		B9FC0A522F1EC50000702C63 /* SettingsView.swift in Sources */ = {isa = PBXBuildFile; fileRef = B9FC0A512F1EC50000702C63 /* SettingsView.swift */; };
		B9FC0A542F1EC50000702C63 /* Secrets.plist in Resources */ = {isa = PBXBuildFile; fileRef = B9FC0A532F1EC50000702C63 /* Secrets.plist */; };
		B9FC0A602F1EC60000702C63 /* WidgetKit.framework in Frameworks */ = {isa = PBXBuildFile; fileRef = B9FC0A5F2F1EC60000702C63 /* WidgetKit.framework */; };
		B9FC0A622F1EC60000702C63 /* SwiftUI.framework in Frameworks */ = {isa = PBXBuildFile; fileRef = B9FC0A612F1EC60000702C63 /* SwiftUI.framework */; };
		B9FC0A652F1EC60000702C63 /* AgendaWidget.swift in Sources */ = {isa = PBXBuildFile; fileRef = B9FC0A642F1EC60000702C63 /* AgendaWidget.swift */; };
		B9FC0A672F1EC60000702C63 /* WidgetModels.swift in Sources */ = {isa = PBXBuildFile; fileRef = B9FC0A662F1EC60000702C63 /* WidgetModels.swift */; };
		B9FC0A692F1EC60000702C63 /* WidgetStorageService.swift in Sources */ = {isa = PBXBuildFile; fileRef = B9FC0A682F1EC60000702C63 /* WidgetStorageService.swift */; };
		B9FC0A6B2F1EC60000702C63 /* Assets.xcassets in Resources */ = {isa = PBXBuildFile; fileRef = B9FC0A6A2F1EC60000702C63 /* Assets.xcassets */; };
		B9FC0A6F2F1EC60000702C63 /* AgendaWidgetExtension.appex in Embed Foundation Extensions */ = {isa = PBXBuildFile; fileRef = B9FC0A5D2F1EC60000702C63 /* AgendaWidgetExtension.appex */; settings = {ATTRIBUTES = (RemoveHeadersOnCopy, ); }; };
/* End PBXBuildFile section */

/* Begin PBXContainerItemProxy section */
		B9FC0A1E2F1EC45300702C63 /* PBXContainerItemProxy */ = {
			isa = PBXContainerItemProxy;
			containerPortal = B9FC0A052F1EC45100702C63 /* Project object */;
			proxyType = 1;
			remoteGlobalIDString = B9FC0A0C2F1EC45100702C63;
			remoteInfo = AgendaView;
		};
		B9FC0A282F1EC45300702C63 /* PBXContainerItemProxy */ = {
			isa = PBXContainerItemProxy;
			containerPortal = B9FC0A052F1EC45100702C63 /* Project object */;
			proxyType = 1;
			remoteGlobalIDString = B9FC0A0C2F1EC45100702C63;
			remoteInfo = AgendaView;
		};
		B9FC0A6D2F1EC60000702C63 /* PBXContainerItemProxy */ = {
			isa = PBXContainerItemProxy;
			containerPortal = B9FC0A052F1EC45100702C63 /* Project object */;
			proxyType = 1;
			remoteGlobalIDString = B9FC0A5C2F1EC60000702C63;
			remoteInfo = AgendaWidgetExtension;
		};
/* End PBXContainerItemProxy section */

/* Begin PBXCopyFilesBuildPhase section */
		B9FC0A702F1EC60000702C63 /* Embed Foundation Extensions */ = {
			isa = PBXCopyFilesBuildPhase;
			buildActionMask = 2147483647;
			dstPath = "";
			dstSubfolderSpec = 13;
			files = (
				B9FC0A6F2F1EC60000702C63 /* AgendaWidgetExtension.appex in Embed Foundation Extensions */,
			);
			name = "Embed Foundation Extensions";
			runOnlyForDeploymentPostprocessing = 0;
		};
/* End PBXCopyFilesBuildPhase section */

/* Begin PBXFileReference section */
		B9FC0A0D2F1EC45100702C63 /* AgendaView.app */ = {isa = PBXFileReference; explicitFileType = wrapper.application; includeInIndex = 0; path = AgendaView.app; sourceTree = BUILT_PRODUCTS_DIR; };
		B9FC0A102F1EC45100702C63 /* AgendaViewApp.swift */ = {isa = PBXFileReference; lastKnownFileType = sourcecode.swift; path = AgendaViewApp.swift; sourceTree = "<group>"; };
		B9FC0A122F1EC45100702C63 /* ContentView.swift */ = {isa = PBXFileReference; lastKnownFileType = sourcecode.swift; path = ContentView.swift; sourceTree = "<group>"; };
		B9FC0A142F1EC45300702C63 /* Assets.xcassets */ = {isa = PBXFileReference; lastKnownFileType = folder.assetcatalog; path = Assets.xcassets; sourceTree = "<group>"; };
		B9FC0A172F1EC45300702C63 /* Preview Assets.xcassets */ = {isa = PBXFileReference; lastKnownFileType = folder.assetcatalog; path = "Preview Assets.xcassets"; sourceTree = "<group>"; };
		B9FC0A1D2F1EC45300702C63 /* AgendaViewTests.xctest */ = {isa = PBXFileReference; explicitFileType = wrapper.cfbundle; includeInIndex = 0; path = AgendaViewTests.xctest; sourceTree = BUILT_PRODUCTS_DIR; };
		B9FC0A212F1EC45300702C63 /* AgendaViewTests.swift */ = {isa = PBXFileReference; lastKnownFileType = sourcecode.swift; path = AgendaViewTests.swift; sourceTree = "<group>"; };
		B9FC0A272F1EC45300702C63 /* AgendaViewUITests.xctest */ = {isa = PBXFileReference; explicitFileType = wrapper.cfbundle; includeInIndex = 0; path = AgendaViewUITests.xctest; sourceTree = BUILT_PRODUCTS_DIR; };
		B9FC0A2B2F1EC45300702C63 /* AgendaViewUITests.swift */ = {isa = PBXFileReference; lastKnownFileType = sourcecode.swift; path = AgendaViewUITests.swift; sourceTree = "<group>"; };
		B9FC0A2D2F1EC45300702C63 /* AgendaViewUITestsLaunchTests.swift */ = {isa = PBXFileReference; lastKnownFileType = sourcecode.swift; path = AgendaViewUITestsLaunchTests.swift; sourceTree = "<group>"; };
		B9FC0A3F2F1EC50000702C63 /* CalendarEvent.swift */ = {isa = PBXFileReference; lastKnownFileType = sourcecode.swift; path = CalendarEvent.swift; sourceTree = "<group>"; };
		B9FC0A412F1EC50000702C63 /* GoogleCalendar.swift */ = {isa = PBXFileReference; lastKnownFileType = sourcecode.swift; path = GoogleCalendar.swift; sourceTree = "<group>"; };
		B9FC0A432F1EC50000702C63 /* KeychainService.swift */ = {isa = PBXFileReference; lastKnownFileType = sourcecode.swift; path = KeychainService.swift; sourceTree = "<group>"; };
		B9FC0A452F1EC50000702C63 /* GoogleAuthService.swift */ = {isa = PBXFileReference; lastKnownFileType = sourcecode.swift; path = GoogleAuthService.swift; sourceTree = "<group>"; };
		B9FC0A472F1EC50000702C63 /* GoogleCalendarService.swift */ = {isa = PBXFileReference; lastKnownFileType = sourcecode.swift; path = GoogleCalendarService.swift; sourceTree = "<group>"; };
		B9FC0A492F1EC50000702C63 /* CalendarDataManager.swift */ = {isa = PBXFileReference; lastKnownFileType = sourcecode.swift; path = CalendarDataManager.swift; sourceTree = "<group>"; };
		B9FC0A4B2F1EC50000702C63 /* StorageService.swift */ = {isa = PBXFileReference; lastKnownFileType = sourcecode.swift; path = StorageService.swift; sourceTree = "<group>"; };
		B9FC0A4D2F1EC50000702C63 /* SignInView.swift */ = {isa = PBXFileReference; lastKnownFileType = sourcecode.swift; path = SignInView.swift; sourceTree = "<group>"; };
		B9FC0A4F2F1EC50000702C63 /* AgendaListView.swift */ = {isa = PBXFileReference; lastKnownFileType = sourcecode.swift; path = AgendaListView.swift; sourceTree = "<group>"; };
		B9FC0A512F1EC50000702C63 /* SettingsView.swift */ = {isa = PBXFileReference; lastKnownFileType = sourcecode.swift; path = SettingsView.swift; sourceTree = "<group>"; };
		B9FC0A532F1EC50000702C63 /* Secrets.plist */ = {isa = PBXFileReference; lastKnownFileType = text.plist.xml; name = Secrets.plist; path = ../../Secrets.plist; sourceTree = "<group>"; };
		B9FC0A552F1EC50000702C63 /* Info.plist */ = {isa = PBXFileReference; lastKnownFileType = text.plist.xml; path = Info.plist; sourceTree = "<group>"; };
		B9FC0A562F1EC50000702C63 /* AgendaView-Bridging-Header.h */ = {isa = PBXFileReference; lastKnownFileType = sourcecode.c.h; path = "AgendaView-Bridging-Header.h"; sourceTree = "<group>"; };
		B9FC0A5D2F1EC60000702C63 /* AgendaWidgetExtension.appex */ = {isa = PBXFileReference; explicitFileType = "wrapper.app-extension"; includeInIndex = 0; path = AgendaWidgetExtension.appex; sourceTree = BUILT_PRODUCTS_DIR; };
		B9FC0A5F2F1EC60000702C63 /* WidgetKit.framework */ = {isa = PBXFileReference; lastKnownFileType = wrapper.framework; name = WidgetKit.framework; path = System/Library/Frameworks/WidgetKit.framework; sourceTree = SDKROOT; };
		B9FC0A612F1EC60000702C63 /* SwiftUI.framework */ = {isa = PBXFileReference; lastKnownFileType = wrapper.framework; name = SwiftUI.framework; path = System/Library/Frameworks/SwiftUI.framework; sourceTree = SDKROOT; };
		B9FC0A642F1EC60000702C63 /* AgendaWidget.swift */ = {isa = PBXFileReference; lastKnownFileType = sourcecode.swift; path = AgendaWidget.swift; sourceTree = "<group>"; };
		B9FC0A662F1EC60000702C63 /* WidgetModels.swift */ = {isa = PBXFileReference; lastKnownFileType = sourcecode.swift; path = WidgetModels.swift; sourceTree = "<group>"; };
		B9FC0A682F1EC60000702C63 /* WidgetStorageService.swift */ = {isa = PBXFileReference; lastKnownFileType = sourcecode.swift; path = WidgetStorageService.swift; sourceTree = "<group>"; };
		B9FC0A6A2F1EC60000702C63 /* Assets.xcassets */ = {isa = PBXFileReference; lastKnownFileType = folder.assetcatalog; path = Assets.xcassets; sourceTree = "<group>"; };
		B9FC0A6C2F1EC60000702C63 /* Info.plist */ = {isa = PBXFileReference; lastKnownFileType = text.plist.xml; path = Info.plist; sourceTree = "<group>"; };
/* End PBXFileReference section */

/* Begin PBXFrameworksBuildPhase section */
		B9FC0A0A2F1EC45100702C63 /* Frameworks */ = {
			isa = PBXFrameworksBuildPhase;
			buildActionMask = 2147483647;
			files = (
			);
			runOnlyForDeploymentPostprocessing = 0;
		};
		B9FC0A1A2F1EC45300702C63 /* Frameworks */ = {
			isa = PBXFrameworksBuildPhase;
			buildActionMask = 2147483647;
			files = (
			);
			runOnlyForDeploymentPostprocessing = 0;
		};
		B9FC0A242F1EC45300702C63 /* Frameworks */ = {
			isa = PBXFrameworksBuildPhase;
			buildActionMask = 2147483647;
			files = (
			);
			runOnlyForDeploymentPostprocessing = 0;
		};
		B9FC0A5A2F1EC60000702C63 /* Frameworks */ = {
			isa = PBXFrameworksBuildPhase;
			buildActionMask = 2147483647;
			files = (
				B9FC0A622F1EC60000702C63 /* SwiftUI.framework in Frameworks */,
				B9FC0A602F1EC60000702C63 /* WidgetKit.framework in Frameworks */,
			);
			runOnlyForDeploymentPostprocessing = 0;
		};
/* End PBXFrameworksBuildPhase section */

/* Begin PBXGroup section */
		B9FC0A042F1EC45100702C63 = {
			isa = PBXGroup;
			children = (
				B9FC0A0F2F1EC45100702C63 /* AgendaView */,
				B9FC0A632F1EC60000702C63 /* AgendaWidget */,
				B9FC0A202F1EC45300702C63 /* AgendaViewTests */,
				B9FC0A2A2F1EC45300702C63 /* AgendaViewUITests */,
				B9FC0A5E2F1EC60000702C63 /* Frameworks */,
				B9FC0A0E2F1EC45100702C63 /* Products */,
			);
			sourceTree = "<group>";
		};
		B9FC0A0E2F1EC45100702C63 /* Products */ = {
			isa = PBXGroup;
			children = (
				B9FC0A0D2F1EC45100702C63 /* AgendaView.app */,
				B9FC0A1D2F1EC45300702C63 /* AgendaViewTests.xctest */,
				B9FC0A272F1EC45300702C63 /* AgendaViewUITests.xctest */,
				B9FC0A5D2F1EC60000702C63 /* AgendaWidgetExtension.appex */,
			);
			name = Products;
			sourceTree = "<group>";
		};
		B9FC0A0F2F1EC45100702C63 /* AgendaView */ = {
			isa = PBXGroup;
			children = (
				B9FC0A102F1EC45100702C63 /* AgendaViewApp.swift */,
				B9FC0A122F1EC45100702C63 /* ContentView.swift */,
				B9FC0A3E2F1EC50000702C63 /* Models */,
				B9FC0A572F1EC50000702C63 /* Services */,
				B9FC0A582F1EC50000702C63 /* Views */,
				B9FC0A142F1EC45300702C63 /* Assets.xcassets */,
				B9FC0A532F1EC50000702C63 /* Secrets.plist */,
				B9FC0A552F1EC50000702C63 /* Info.plist */,
				B9FC0A562F1EC50000702C63 /* AgendaView-Bridging-Header.h */,
				B9FC0A162F1EC45300702C63 /* Preview Content */,
			);
			path = AgendaView;
			sourceTree = "<group>";
		};
		B9FC0A162F1EC45300702C63 /* Preview Content */ = {
			isa = PBXGroup;
			children = (
				B9FC0A172F1EC45300702C63 /* Preview Assets.xcassets */,
			);
			path = "Preview Content";
			sourceTree = "<group>";
		};
		B9FC0A202F1EC45300702C63 /* AgendaViewTests */ = {
			isa = PBXGroup;
			children = (
				B9FC0A212F1EC45300702C63 /* AgendaViewTests.swift */,
			);
			path = AgendaViewTests;
			sourceTree = "<group>";
		};
		B9FC0A2A2F1EC45300702C63 /* AgendaViewUITests */ = {
			isa = PBXGroup;
			children = (
				B9FC0A2B2F1EC45300702C63 /* AgendaViewUITests.swift */,
				B9FC0A2D2F1EC45300702C63 /* AgendaViewUITestsLaunchTests.swift */,
			);
			path = AgendaViewUITests;
			sourceTree = "<group>";
		};
		B9FC0A3E2F1EC50000702C63 /* Models */ = {
			isa = PBXGroup;
			children = (
				B9FC0A3F2F1EC50000702C63 /* CalendarEvent.swift */,
				B9FC0A412F1EC50000702C63 /* GoogleCalendar.swift */,
			);
			path = Models;
			sourceTree = "<group>";
		};
		B9FC0A572F1EC50000702C63 /* Services */ = {
			isa = PBXGroup;
			children = (
				B9FC0A432F1EC50000702C63 /* KeychainService.swift */,
				B9FC0A452F1EC50000702C63 /* GoogleAuthService.swift */,
				B9FC0A472F1EC50000702C63 /* GoogleCalendarService.swift */,
				B9FC0A492F1EC50000702C63 /* CalendarDataManager.swift */,
				B9FC0A4B2F1EC50000702C63 /* StorageService.swift */,
			);
			path = Services;
			sourceTree = "<group>";
		};
		B9FC0A582F1EC50000702C63 /* Views */ = {
			isa = PBXGroup;
			children = (
				B9FC0A4D2F1EC50000702C63 /* SignInView.swift */,
				B9FC0A4F2F1EC50000702C63 /* AgendaListView.swift */,
				B9FC0A512F1EC50000702C63 /* SettingsView.swift */,
			);
			path = Views;
			sourceTree = "<group>";
		};
		B9FC0A5E2F1EC60000702C63 /* Frameworks */ = {
			isa = PBXGroup;
			children = (
				B9FC0A5F2F1EC60000702C63 /* WidgetKit.framework */,
				B9FC0A612F1EC60000702C63 /* SwiftUI.framework */,
			);
			name = Frameworks;
			sourceTree = "<group>";
		};
		B9FC0A632F1EC60000702C63 /* AgendaWidget */ = {
			isa = PBXGroup;
			children = (
				B9FC0A642F1EC60000702C63 /* AgendaWidget.swift */,
				B9FC0A662F1EC60000702C63 /* WidgetModels.swift */,
				B9FC0A682F1EC60000702C63 /* WidgetStorageService.swift */,
				B9FC0A6A2F1EC60000702C63 /* Assets.xcassets */,
				B9FC0A6C2F1EC60000702C63 /* Info.plist */,
			);
			path = AgendaWidget;
			sourceTree = "<group>";
		};
/* End PBXGroup section */

/* Begin PBXNativeTarget section */
		B9FC0A0C2F1EC45100702C63 /* AgendaView */ = {
			isa = PBXNativeTarget;
			buildConfigurationList = B9FC0A312F1EC45300702C63 /* Build configuration list for PBXNativeTarget "AgendaView" */;
			buildPhases = (
				B9FC0A092F1EC45100702C63 /* Sources */,
				B9FC0A0A2F1EC45100702C63 /* Frameworks */,
				B9FC0A0B2F1EC45100702C63 /* Resources */,
				B9FC0A702F1EC60000702C63 /* Embed Foundation Extensions */,
			);
			buildRules = (
			);
			dependencies = (
				B9FC0A6E2F1EC60000702C63 /* PBXTargetDependency */,
			);
			name = AgendaView;
			productName = AgendaView;
			productReference = B9FC0A0D2F1EC45100702C63 /* AgendaView.app */;
			productType = "com.apple.product-type.application";
		};
		B9FC0A1C2F1EC45300702C63 /* AgendaViewTests */ = {
			isa = PBXNativeTarget;
			buildConfigurationList = B9FC0A342F1EC45300702C63 /* Build configuration list for PBXNativeTarget "AgendaViewTests" */;
			buildPhases = (
				B9FC0A192F1EC45300702C63 /* Sources */,
				B9FC0A1A2F1EC45300702C63 /* Frameworks */,
				B9FC0A1B2F1EC45300702C63 /* Resources */,
			);
			buildRules = (
			);
			dependencies = (
				B9FC0A1F2F1EC45300702C63 /* PBXTargetDependency */,
			);
			name = AgendaViewTests;
			productName = AgendaViewTests;
			productReference = B9FC0A1D2F1EC45300702C63 /* AgendaViewTests.xctest */;
			productType = "com.apple.product-type.bundle.unit-test";
		};
		B9FC0A262F1EC45300702C63 /* AgendaViewUITests */ = {
			isa = PBXNativeTarget;
			buildConfigurationList = B9FC0A372F1EC45300702C63 /* Build configuration list for PBXNativeTarget "AgendaViewUITests" */;
			buildPhases = (
				B9FC0A232F1EC45300702C63 /* Sources */,
				B9FC0A242F1EC45300702C63 /* Frameworks */,
				B9FC0A252F1EC45300702C63 /* Resources */,
			);
			buildRules = (
			);
			dependencies = (
				B9FC0A292F1EC45300702C63 /* PBXTargetDependency */,
			);
			name = AgendaViewUITests;
			productName = AgendaViewUITests;
			productReference = B9FC0A272F1EC45300702C63 /* AgendaViewUITests.xctest */;
			productType = "com.apple.product-type.bundle.ui-testing";
		};
		B9FC0A5C2F1EC60000702C63 /* AgendaWidgetExtension */ = {
			isa = PBXNativeTarget;
			buildConfigurationList = B9FC0A732F1EC60000702C63 /* Build configuration list for PBXNativeTarget "AgendaWidgetExtension" */;
			buildPhases = (
				B9FC0A592F1EC60000702C63 /* Sources */,
				B9FC0A5A2F1EC60000702C63 /* Frameworks */,
				B9FC0A5B2F1EC60000702C63 /* Resources */,
			);
			buildRules = (
			);
			dependencies = (
			);
			name = AgendaWidgetExtension;
			productName = AgendaWidgetExtension;
			productReference = B9FC0A5D2F1EC60000702C63 /* AgendaWidgetExtension.appex */;
			productType = "com.apple.product-type.app-extension";
		};
/* End PBXNativeTarget section */

/* Begin PBXProject section */
		B9FC0A052F1EC45100702C63 /* Project object */ = {
			isa = PBXProject;
			attributes = {
				BuildIndependentTargetsInParallel = 1;
				LastSwiftUpdateCheck = 1540;
				LastUpgradeCheck = 1540;
				TargetAttributes = {
					B9FC0A0C2F1EC45100702C63 = {
						CreatedOnToolsVersion = 15.4;
					};
					B9FC0A1C2F1EC45300702C63 = {
						CreatedOnToolsVersion = 15.4;
						TestTargetID = B9FC0A0C2F1EC45100702C63;
					};
					B9FC0A262F1EC45300702C63 = {
						CreatedOnToolsVersion = 15.4;
						TestTargetID = B9FC0A0C2F1EC45100702C63;
					};
					B9FC0A5C2F1EC60000702C63 = {
						CreatedOnToolsVersion = 15.4;
					};
				};
			};
			buildConfigurationList = B9FC0A082F1EC45100702C63 /* Build configuration list for PBXProject "AgendaView" */;
			compatibilityVersion = "Xcode 14.0";
			developmentRegion = en;
			hasScannedForEncodings = 0;
			knownRegions = (
				en,
				Base,
			);
			mainGroup = B9FC0A042F1EC45100702C63;
			productRefGroup = B9FC0A0E2F1EC45100702C63 /* Products */;
			projectDirPath = "";
			projectRoot = "";
			targets = (
				B9FC0A0C2F1EC45100702C63 /* AgendaView */,
				B9FC0A1C2F1EC45300702C63 /* AgendaViewTests */,
				B9FC0A262F1EC45300702C63 /* AgendaViewUITests */,
				B9FC0A5C2F1EC60000702C63 /* AgendaWidgetExtension */,
			);
		};
/* End PBXProject section */

/* Begin PBXResourcesBuildPhase section */
		B9FC0A0B2F1EC45100702C63 /* Resources */ = {
			isa = PBXResourcesBuildPhase;
			buildActionMask = 2147483647;
			files = (
				B9FC0A182F1EC45300702C63 /* Preview Assets.xcassets in Resources */,
				B9FC0A542F1EC50000702C63 /* Secrets.plist in Resources */,
				B9FC0A152F1EC45300702C63 /* Assets.xcassets in Resources */,
			);
			runOnlyForDeploymentPostprocessing = 0;
		};
		B9FC0A1B2F1EC45300702C63 /* Resources */ = {
			isa = PBXResourcesBuildPhase;
			buildActionMask = 2147483647;
			files = (
			);
			runOnlyForDeploymentPostprocessing = 0;
		};
		B9FC0A252F1EC45300702C63 /* Resources */ = {
			isa = PBXResourcesBuildPhase;
			buildActionMask = 2147483647;
			files = (
			);
			runOnlyForDeploymentPostprocessing = 0;
		};
		B9FC0A5B2F1EC60000702C63 /* Resources */ = {
			isa = PBXResourcesBuildPhase;
			buildActionMask = 2147483647;
			files = (
				B9FC0A6B2F1EC60000702C63 /* Assets.xcassets in Resources */,
			);
			runOnlyForDeploymentPostprocessing = 0;
		};
/* End PBXResourcesBuildPhase section */

/* Begin PBXSourcesBuildPhase section */
		B9FC0A092F1EC45100702C63 /* Sources */ = {
			isa = PBXSourcesBuildPhase;
			buildActionMask = 2147483647;
			files = (
				B9FC0A132F1EC45100702C63 /* ContentView.swift in Sources */,
				B9FC0A112F1EC45100702C63 /* AgendaViewApp.swift in Sources */,
				B9FC0A402F1EC50000702C63 /* CalendarEvent.swift in Sources */,
				B9FC0A422F1EC50000702C63 /* GoogleCalendar.swift in Sources */,
				B9FC0A442F1EC50000702C63 /* KeychainService.swift in Sources */,
				B9FC0A462F1EC50000702C63 /* GoogleAuthService.swift in Sources */,
				B9FC0A482F1EC50000702C63 /* GoogleCalendarService.swift in Sources */,
				B9FC0A4A2F1EC50000702C63 /* CalendarDataManager.swift in Sources */,
				B9FC0A4C2F1EC50000702C63 /* StorageService.swift in Sources */,
				B9FC0A4E2F1EC50000702C63 /* SignInView.swift in Sources */,
				B9FC0A502F1EC50000702C63 /* AgendaListView.swift in Sources */,
				B9FC0A522F1EC50000702C63 /* SettingsView.swift in Sources */,
			);
			runOnlyForDeploymentPostprocessing = 0;
		};
		B9FC0A192F1EC45300702C63 /* Sources */ = {
			isa = PBXSourcesBuildPhase;
			buildActionMask = 2147483647;
			files = (
				B9FC0A222F1EC45300702C63 /* AgendaViewTests.swift in Sources */,
			);
			runOnlyForDeploymentPostprocessing = 0;
		};
		B9FC0A232F1EC45300702C63 /* Sources */ = {
			isa = PBXSourcesBuildPhase;
			buildActionMask = 2147483647;
			files = (
				B9FC0A2C2F1EC45300702C63 /* AgendaViewUITests.swift in Sources */,
				B9FC0A2E2F1EC45300702C63 /* AgendaViewUITestsLaunchTests.swift in Sources */,
			);
			runOnlyForDeploymentPostprocessing = 0;
		};
		B9FC0A592F1EC60000702C63 /* Sources */ = {
			isa = PBXSourcesBuildPhase;
			buildActionMask = 2147483647;
			files = (
				B9FC0A652F1EC60000702C63 /* AgendaWidget.swift in Sources */,
				B9FC0A672F1EC60000702C63 /* WidgetModels.swift in Sources */,
				B9FC0A692F1EC60000702C63 /* WidgetStorageService.swift in Sources */,
			);
			runOnlyForDeploymentPostprocessing = 0;
		};
/* End PBXSourcesBuildPhase section */

/* Begin PBXTargetDependency section */
		B9FC0A1F2F1EC45300702C63 /* PBXTargetDependency */ = {
			isa = PBXTargetDependency;
			target = B9FC0A0C2F1EC45100702C63 /* AgendaView */;
			targetProxy = B9FC0A1E2F1EC45300702C63 /* PBXContainerItemProxy */;
		};
		B9FC0A292F1EC45300702C63 /* PBXTargetDependency */ = {
			isa = PBXTargetDependency;
			target = B9FC0A0C2F1EC45100702C63 /* AgendaView */;
			targetProxy = B9FC0A282F1EC45300702C63 /* PBXContainerItemProxy */;
		};
		B9FC0A6E2F1EC60000702C63 /* PBXTargetDependency */ = {
			isa = PBXTargetDependency;
			target = B9FC0A5C2F1EC60000702C63 /* AgendaWidgetExtension */;
			targetProxy = B9FC0A6D2F1EC60000702C63 /* PBXContainerItemProxy */;
		};
/* End PBXTargetDependency section */

/* Begin XCBuildConfiguration section */
		B9FC0A2F2F1EC45300702C63 /* Debug */ = {
			isa = XCBuildConfiguration;
			buildSettings = {
				ALWAYS_SEARCH_USER_PATHS = NO;
				ASSETCATALOG_COMPILER_GENERATE_SWIFT_ASSET_SYMBOL_EXTENSIONS = YES;
				CLANG_ANALYZER_NONNULL = YES;
				CLANG_ANALYZER_NUMBER_OBJECT_CONVERSION = YES_AGGRESSIVE;
				CLANG_CXX_LANGUAGE_STANDARD = "gnu++20";
				CLANG_ENABLE_MODULES = YES;
				CLANG_ENABLE_OBJC_ARC = YES;
				CLANG_ENABLE_OBJC_WEAK = YES;
				CLANG_WARN_BLOCK_CAPTURE_AUTORELEASING = YES;
				CLANG_WARN_BOOL_CONVERSION = YES;
				CLANG_WARN_COMMA = YES;
				CLANG_WARN_CONSTANT_CONVERSION = YES;
				CLANG_WARN_DEPRECATED_OBJC_IMPLEMENTATIONS = YES;
				CLANG_WARN_DIRECT_OBJC_ISA_USAGE = YES_ERROR;
				CLANG_WARN_DOCUMENTATION_COMMENTS = YES;
				CLANG_WARN_EMPTY_BODY = YES;
				CLANG_WARN_ENUM_CONVERSION = YES;
				CLANG_WARN_INFINITE_RECURSION = YES;
				CLANG_WARN_INT_CONVERSION = YES;
				CLANG_WARN_NON_LITERAL_NULL_CONVERSION = YES;
				CLANG_WARN_OBJC_IMPLICIT_RETAIN_SELF = YES;
				CLANG_WARN_OBJC_LITERAL_CONVERSION = YES;
				CLANG_WARN_OBJC_ROOT_CLASS = YES_ERROR;
				CLANG_WARN_QUOTED_INCLUDE_IN_FRAMEWORK_HEADER = YES;
				CLANG_WARN_RANGE_LOOP_ANALYSIS = YES;
				CLANG_WARN_STRICT_PROTOTYPES = YES;
				CLANG_WARN_SUSPICIOUS_MOVE = YES;
				CLANG_WARN_UNGUARDED_AVAILABILITY = YES_AGGRESSIVE;
				CLANG_WARN_UNREACHABLE_CODE = YES;
				CLANG_WARN__DUPLICATE_METHOD_MATCH = YES;
				COPY_PHASE_STRIP = NO;
				DEBUG_INFORMATION_FORMAT = dwarf;
				ENABLE_STRICT_OBJC_MSGSEND = YES;
				ENABLE_TESTABILITY = YES;
				ENABLE_USER_SCRIPT_SANDBOXING = YES;
				GCC_C_LANGUAGE_STANDARD = gnu17;
				GCC_DYNAMIC_NO_PIC = NO;
				GCC_NO_COMMON_BLOCKS = YES;
				GCC_OPTIMIZATION_LEVEL = 0;
				GCC_PREPROCESSOR_DEFINITIONS = (
					"DEBUG=1",
					"$(inherited)",
				);
				GCC_WARN_64_TO_32_BIT_CONVERSION = YES;
				GCC_WARN_ABOUT_RETURN_TYPE = YES_ERROR;
				GCC_WARN_UNDECLARED_SELECTOR = YES;
				GCC_WARN_UNINITIALIZED_AUTOS = YES_AGGRESSIVE;
				GCC_WARN_UNUSED_FUNCTION = YES;
				GCC_WARN_UNUSED_VARIABLE = YES;
				IPHONEOS_DEPLOYMENT_TARGET = 17.0;
				LOCALIZATION_PREFERS_STRING_CATALOGS = YES;
				MTL_ENABLE_DEBUG_INFO = INCLUDE_SOURCE;
				MTL_FAST_MATH = YES;
				ONLY_ACTIVE_ARCH = YES;
				SDKROOT = iphoneos;
				SWIFT_ACTIVE_COMPILATION_CONDITIONS = "DEBUG $(inherited)";
				SWIFT_OPTIMIZATION_LEVEL = "-Onone";
			};
			name = Debug;
		};
		B9FC0A302F1EC45300702C63 /* Release */ = {
			isa = XCBuildConfiguration;
			buildSettings = {
				ALWAYS_SEARCH_USER_PATHS = NO;
				ASSETCATALOG_COMPILER_GENERATE_SWIFT_ASSET_SYMBOL_EXTENSIONS = YES;
				CLANG_ANALYZER_NONNULL = YES;
				CLANG_ANALYZER_NUMBER_OBJECT_CONVERSION = YES_AGGRESSIVE;
				CLANG_CXX_LANGUAGE_STANDARD = "gnu++20";
				CLANG_ENABLE_MODULES = YES;
				CLANG_ENABLE_OBJC_ARC = YES;
				CLANG_ENABLE_OBJC_WEAK = YES;
				CLANG_WARN_BLOCK_CAPTURE_AUTORELEASING = YES;
				CLANG_WARN_BOOL_CONVERSION = YES;
				CLANG_WARN_COMMA = YES;
				CLANG_WARN_CONSTANT_CONVERSION = YES;
				CLANG_WARN_DEPRECATED_OBJC_IMPLEMENTATIONS = YES;
				CLANG_WARN_DIRECT_OBJC_ISA_USAGE = YES_ERROR;
				CLANG_WARN_DOCUMENTATION_COMMENTS = YES;
				CLANG_WARN_EMPTY_BODY = YES;
				CLANG_WARN_ENUM_CONVERSION = YES;
				CLANG_WARN_INFINITE_RECURSION = YES;
				CLANG_WARN_INT_CONVERSION = YES;
				CLANG_WARN_NON_LITERAL_NULL_CONVERSION = YES;
				CLANG_WARN_OBJC_IMPLICIT_RETAIN_SELF = YES;
				CLANG_WARN_OBJC_LITERAL_CONVERSION = YES;
				CLANG_WARN_OBJC_ROOT_CLASS = YES_ERROR;
				CLANG_WARN_QUOTED_INCLUDE_IN_FRAMEWORK_HEADER = YES;
				CLANG_WARN_RANGE_LOOP_ANALYSIS = YES;
				CLANG_WARN_STRICT_PROTOTYPES = YES;
				CLANG_WARN_SUSPICIOUS_MOVE = YES;
				CLANG_WARN_UNGUARDED_AVAILABILITY = YES_AGGRESSIVE;
				CLANG_WARN_UNREACHABLE_CODE = YES;
				CLANG_WARN__DUPLICATE_METHOD_MATCH = YES;
				COPY_PHASE_STRIP = NO;
				DEBUG_INFORMATION_FORMAT = "dwarf-with-dsym";
				ENABLE_NS_ASSERTIONS = NO;
				ENABLE_STRICT_OBJC_MSGSEND = YES;
				ENABLE_USER_SCRIPT_SANDBOXING = YES;
				GCC_C_LANGUAGE_STANDARD = gnu17;
				GCC_NO_COMMON_BLOCKS = YES;
				GCC_WARN_64_TO_32_BIT_CONVERSION = YES;
				GCC_WARN_ABOUT_RETURN_TYPE = YES_ERROR;
				GCC_WARN_UNDECLARED_SELECTOR = YES;
				GCC_WARN_UNINITIALIZED_AUTOS = YES_AGGRESSIVE;
				GCC_WARN_UNUSED_FUNCTION = YES;
				GCC_WARN_UNUSED_VARIABLE = YES;
				IPHONEOS_DEPLOYMENT_TARGET = 17.0;
				LOCALIZATION_PREFERS_STRING_CATALOGS = YES;
				MTL_ENABLE_DEBUG_INFO = NO;
				MTL_FAST_MATH = YES;
				SDKROOT = iphoneos;
				SWIFT_COMPILATION_MODE = wholemodule;
				VALIDATE_PRODUCT = YES;
			};
			name = Release;
		};
		B9FC0A322F1EC45300702C63 /* Debug */ = {
			isa = XCBuildConfiguration;
			buildSettings = {
				ALWAYS_EMBED_SWIFT_STANDARD_LIBRARIES = YES;
				ASSETCATALOG_COMPILER_APPICON_NAME = AppIcon;
				ASSETCATALOG_COMPILER_GLOBAL_ACCENT_COLOR_NAME = AccentColor;
				CODE_SIGN_ENTITLEMENTS = AgendaView/AgendaView.entitlements;
				CODE_SIGN_STYLE = Automatic;
				CURRENT_PROJECT_VERSION = 1;
				DEVELOPMENT_ASSET_PATHS = "\"AgendaView/Preview Content\"";
				DEVELOPMENT_TEAM = 484T9YJ76A;
				ENABLE_PREVIEWS = YES;
				GENERATE_INFOPLIST_FILE = YES;
				INFOPLIST_FILE = AgendaView/Info.plist;
				INFOPLIST_KEY_UIApplicationSceneManifest_Generation = YES;
				INFOPLIST_KEY_UIApplicationSupportsIndirectInputEvents = YES;
				INFOPLIST_KEY_UILaunchScreen_Generation = YES;
				INFOPLIST_KEY_UISupportedInterfaceOrientations_iPad = "UIInterfaceOrientationPortrait UIInterfaceOrientationPortraitUpsideDown UIInterfaceOrientationLandscapeLeft UIInterfaceOrientationLandscapeRight";
				INFOPLIST_KEY_UISupportedInterfaceOrientations_iPhone = "UIInterfaceOrientationPortrait UIInterfaceOrientationLandscapeLeft UIInterfaceOrientationLandscapeRight";
				LD_RUNPATH_SEARCH_PATHS = (
					"$(inherited)",
					"@executable_path/Frameworks",
				);
				MARKETING_VERSION = 1.0;
				PRODUCT_BUNDLE_IDENTIFIER = deadairx.AgendaView;
				PRODUCT_NAME = "$(TARGET_NAME)";
				SWIFT_EMIT_LOC_STRINGS = YES;
				SWIFT_OBJC_BRIDGING_HEADER = "AgendaView/AgendaView-Bridging-Header.h";
				SWIFT_VERSION = 5.0;
				TARGETED_DEVICE_FAMILY = "1,2";
			};
			name = Debug;
		};
		B9FC0A332F1EC45300702C63 /* Release */ = {
			isa = XCBuildConfiguration;
			buildSettings = {
				ALWAYS_EMBED_SWIFT_STANDARD_LIBRARIES = YES;
				ASSETCATALOG_COMPILER_APPICON_NAME = AppIcon;
				ASSETCATALOG_COMPILER_GLOBAL_ACCENT_COLOR_NAME = AccentColor;
				CODE_SIGN_ENTITLEMENTS = AgendaView/AgendaView.entitlements;
				CODE_SIGN_STYLE = Automatic;
				CURRENT_PROJECT_VERSION = 1;
				DEVELOPMENT_ASSET_PATHS = "\"AgendaView/Preview Content\"";
				DEVELOPMENT_TEAM = 484T9YJ76A;
				ENABLE_PREVIEWS = YES;
				GENERATE_INFOPLIST_FILE = YES;
				INFOPLIST_FILE = AgendaView/Info.plist;
				INFOPLIST_KEY_UIApplicationSceneManifest_Generation = YES;
				INFOPLIST_KEY_UIApplicationSupportsIndirectInputEvents = YES;
				INFOPLIST_KEY_UILaunchScreen_Generation = YES;
				INFOPLIST_KEY_UISupportedInterfaceOrientations_iPad = "UIInterfaceOrientationPortrait UIInterfaceOrientationPortraitUpsideDown UIInterfaceOrientationLandscapeLeft UIInterfaceOrientationLandscapeRight";
				INFOPLIST_KEY_UISupportedInterfaceOrientations_iPhone = "UIInterfaceOrientationPortrait UIInterfaceOrientationLandscapeLeft UIInterfaceOrientationLandscapeRight";
				LD_RUNPATH_SEARCH_PATHS = (
					"$(inherited)",
					"@executable_path/Frameworks",
				);
				MARKETING_VERSION = 1.0;
				PRODUCT_BUNDLE_IDENTIFIER = deadairx.AgendaView;
				PRODUCT_NAME = "$(TARGET_NAME)";
				SWIFT_EMIT_LOC_STRINGS = YES;
				SWIFT_OBJC_BRIDGING_HEADER = "AgendaView/AgendaView-Bridging-Header.h";
				SWIFT_VERSION = 5.0;
				TARGETED_DEVICE_FAMILY = "1,2";
			};
			name = Release;
		};
		B9FC0A352F1EC45300702C63 /* Debug */ = {
			isa = XCBuildConfiguration;
			buildSettings = {
				ALWAYS_EMBED_SWIFT_STANDARD_LIBRARIES = YES;
				BUNDLE_LOADER = "$(TEST_HOST)";
				CODE_SIGN_STYLE = Automatic;
				CURRENT_PROJECT_VERSION = 1;
				DEVELOPMENT_TEAM = 484T9YJ76A;
				GENERATE_INFOPLIST_FILE = YES;
				IPHONEOS_DEPLOYMENT_TARGET = 17.0;
				MARKETING_VERSION = 1.0;
				PRODUCT_BUNDLE_IDENTIFIER = deadairx.AgendaViewTests;
				PRODUCT_NAME = "$(TARGET_NAME)";
				SWIFT_EMIT_LOC_STRINGS = NO;
				SWIFT_VERSION = 5.0;
				TARGETED_DEVICE_FAMILY = "1,2";
				TEST_HOST = "$(BUILT_PRODUCTS_DIR)/AgendaView.app/$(BUNDLE_EXECUTABLE_FOLDER_PATH)/AgendaView";
			};
			name = Debug;
		};
		B9FC0A362F1EC45300702C63 /* Release */ = {
			isa = XCBuildConfiguration;
			buildSettings = {
				ALWAYS_EMBED_SWIFT_STANDARD_LIBRARIES = YES;
				BUNDLE_LOADER = "$(TEST_HOST)";
				CODE_SIGN_STYLE = Automatic;
				CURRENT_PROJECT_VERSION = 1;
				DEVELOPMENT_TEAM = 484T9YJ76A;
				GENERATE_INFOPLIST_FILE = YES;
				IPHONEOS_DEPLOYMENT_TARGET = 17.0;
				MARKETING_VERSION = 1.0;
				PRODUCT_BUNDLE_IDENTIFIER = deadairx.AgendaViewTests;
				PRODUCT_NAME = "$(TARGET_NAME)";
				SWIFT_EMIT_LOC_STRINGS = NO;
				SWIFT_VERSION = 5.0;
				TARGETED_DEVICE_FAMILY = "1,2";
				TEST_HOST = "$(BUILT_PRODUCTS_DIR)/AgendaView.app/$(BUNDLE_EXECUTABLE_FOLDER_PATH)/AgendaView";
			};
			name = Release;
		};
		B9FC0A382F1EC45300702C63 /* Debug */ = {
			isa = XCBuildConfiguration;
			buildSettings = {
				ALWAYS_EMBED_SWIFT_STANDARD_LIBRARIES = YES;
				CODE_SIGN_STYLE = Automatic;
				CURRENT_PROJECT_VERSION = 1;
				DEVELOPMENT_TEAM = 484T9YJ76A;
				GENERATE_INFOPLIST_FILE = YES;
				MARKETING_VERSION = 1.0;
				PRODUCT_BUNDLE_IDENTIFIER = deadairx.AgendaViewUITests;
				PRODUCT_NAME = "$(TARGET_NAME)";
				SWIFT_EMIT_LOC_STRINGS = NO;
				SWIFT_VERSION = 5.0;
				TARGETED_DEVICE_FAMILY = "1,2";
				TEST_TARGET_NAME = AgendaView;
			};
			name = Debug;
		};
		B9FC0A392F1EC45300702C63 /* Release */ = {
			isa = XCBuildConfiguration;
			buildSettings = {
				ALWAYS_EMBED_SWIFT_STANDARD_LIBRARIES = YES;
				CODE_SIGN_STYLE = Automatic;
				CURRENT_PROJECT_VERSION = 1;
				DEVELOPMENT_TEAM = 484T9YJ76A;
				GENERATE_INFOPLIST_FILE = YES;
				MARKETING_VERSION = 1.0;
				PRODUCT_BUNDLE_IDENTIFIER = deadairx.AgendaViewUITests;
				PRODUCT_NAME = "$(TARGET_NAME)";
				SWIFT_EMIT_LOC_STRINGS = NO;
				SWIFT_VERSION = 5.0;
				TARGETED_DEVICE_FAMILY = "1,2";
				TEST_TARGET_NAME = AgendaView;
			};
			name = Release;
		};
		B9FC0A712F1EC60000702C63 /* Debug */ = {
			isa = XCBuildConfiguration;
			buildSettings = {
				ASSETCATALOG_COMPILER_GLOBAL_ACCENT_COLOR_NAME = AccentColor;
				ASSETCATALOG_COMPILER_WIDGET_BACKGROUND_COLOR_NAME = WidgetBackground;
				CODE_SIGN_ENTITLEMENTS = AgendaWidget/AgendaWidgetExtension.entitlements;
				CODE_SIGN_STYLE = Automatic;
				CURRENT_PROJECT_VERSION = 1;
				DEVELOPMENT_TEAM = 484T9YJ76A;
				GENERATE_INFOPLIST_FILE = YES;
				INFOPLIST_FILE = AgendaWidget/Info.plist;
				INFOPLIST_KEY_CFBundleDisplayName = AgendaWidget;
				INFOPLIST_KEY_NSHumanReadableCopyright = "";
				LD_RUNPATH_SEARCH_PATHS = (
					"$(inherited)",
					"@executable_path/Frameworks",
					"@executable_path/../../Frameworks",
				);
				MARKETING_VERSION = 1.0;
				PRODUCT_BUNDLE_IDENTIFIER = deadairx.AgendaView.AgendaWidget;
				PRODUCT_NAME = "$(TARGET_NAME)";
				SKIP_INSTALL = YES;
				SWIFT_EMIT_LOC_STRINGS = YES;
				SWIFT_VERSION = 5.0;
				TARGETED_DEVICE_FAMILY = "1,2";
			};
			name = Debug;
		};
		B9FC0A722F1EC60000702C63 /* Release */ = {
			isa = XCBuildConfiguration;
			buildSettings = {
				ASSETCATALOG_COMPILER_GLOBAL_ACCENT_COLOR_NAME = AccentColor;
				ASSETCATALOG_COMPILER_WIDGET_BACKGROUND_COLOR_NAME = WidgetBackground;
				CODE_SIGN_ENTITLEMENTS = AgendaWidget/AgendaWidgetExtension.entitlements;
				CODE_SIGN_STYLE = Automatic;
				CURRENT_PROJECT_VERSION = 1;
				DEVELOPMENT_TEAM = 484T9YJ76A;
				GENERATE_INFOPLIST_FILE = YES;
				INFOPLIST_FILE = AgendaWidget/Info.plist;
				INFOPLIST_KEY_CFBundleDisplayName = AgendaWidget;
				INFOPLIST_KEY_NSHumanReadableCopyright = "";
				LD_RUNPATH_SEARCH_PATHS = (
					"$(inherited)",
					"@executable_path/Frameworks",
					"@executable_path/../../Frameworks",
				);
				MARKETING_VERSION = 1.0;
				PRODUCT_BUNDLE_IDENTIFIER = deadairx.AgendaView.AgendaWidget;
				PRODUCT_NAME = "$(TARGET_NAME)";
				SKIP_INSTALL = YES;
				SWIFT_EMIT_LOC_STRINGS = YES;
				SWIFT_VERSION = 5.0;
				TARGETED_DEVICE_FAMILY = "1,2";
			};
			name = Release;
		};
/* End XCBuildConfiguration section */

/* Begin XCConfigurationList section */
		B9FC0A082F1EC45100702C63 /* Build configuration list for PBXProject "AgendaView" */ = {
			isa = XCConfigurationList;
			buildConfigurations = (
				B9FC0A2F2F1EC45300702C63 /* Debug */,
				B9FC0A302F1EC45300702C63 /* Release */,
			);
			defaultConfigurationIsVisible = 0;
			defaultConfigurationName = Release;
		};
		B9FC0A312F1EC45300702C63 /* Build configuration list for PBXNativeTarget "AgendaView" */ = {
			isa = XCConfigurationList;
			buildConfigurations = (
				B9FC0A322F1EC45300702C63 /* Debug */,
				B9FC0A332F1EC45300702C63 /* Release */,
			);
			defaultConfigurationIsVisible = 0;
			defaultConfigurationName = Release;
		};
		B9FC0A342F1EC45300702C63 /* Build configuration list for PBXNativeTarget "AgendaViewTests" */ = {
			isa = XCConfigurationList;
			buildConfigurations = (
				B9FC0A352F1EC45300702C63 /* Debug */,
				B9FC0A362F1EC45300702C63 /* Release */,
			);
			defaultConfigurationIsVisible = 0;
			defaultConfigurationName = Release;
		};
		B9FC0A372F1EC45300702C63 /* Build configuration list for PBXNativeTarget "AgendaViewUITests" */ = {
			isa = XCConfigurationList;
			buildConfigurations = (
				B9FC0A382F1EC45300702C63 /* Debug */,
				B9FC0A392F1EC45300702C63 /* Release */,
			);
			defaultConfigurationIsVisible = 0;
			defaultConfigurationName = Release;
		};
		B9FC0A732F1EC60000702C63 /* Build configuration list for PBXNativeTarget "AgendaWidgetExtension" */ = {
			isa = XCConfigurationList;
			buildConfigurations = (
				B9FC0A712F1EC60000702C63 /* Debug */,
				B9FC0A722F1EC60000702C63 /* Release */,
			);
			defaultConfigurationIsVisible = 0;
			defaultConfigurationName = Release;
		};
/* End XCConfigurationList section */
	};
	rootObject = B9FC0A052F1EC45100702C63 /* Project object */;
}
